// !$*UTF8*$!
{
	archiveVersion = 1;
	classes = {
	};
	objectVersion = 50;
	objects = {

/* Begin PBXBuildFile section */
		804EFF2B25FAC709004589DC /* CategoryVC.swift in Sources */ = {isa = PBXBuildFile; fileRef = 804EFF2A25FAC709004589DC /* CategoryVC.swift */; };
		804FEC2E25FBE10C0062B095 /* TodoListTVC.swift in Sources */ = {isa = PBXBuildFile; fileRef = 804FEC2D25FBE10C0062B095 /* TodoListTVC.swift */; };
		80E8AC7E25FAAFB70058F329 /* AppDelegate.swift in Sources */ = {isa = PBXBuildFile; fileRef = 80E8AC7D25FAAFB70058F329 /* AppDelegate.swift */; };
		80E8AC8025FAAFB70058F329 /* SceneDelegate.swift in Sources */ = {isa = PBXBuildFile; fileRef = 80E8AC7F25FAAFB70058F329 /* SceneDelegate.swift */; };
		80E8AC8525FAAFB70058F329 /* Main.storyboard in Resources */ = {isa = PBXBuildFile; fileRef = 80E8AC8325FAAFB70058F329 /* Main.storyboard */; };
		80E8AC8825FAAFB70058F329 /* Lesson19.xcdatamodeld in Sources */ = {isa = PBXBuildFile; fileRef = 80E8AC8625FAAFB70058F329 /* Lesson19.xcdatamodeld */; };
		80E8AC8A25FAAFB80058F329 /* Assets.xcassets in Resources */ = {isa = PBXBuildFile; fileRef = 80E8AC8925FAAFB80058F329 /* Assets.xcassets */; };
		80E8AC8D25FAAFB80058F329 /* LaunchScreen.storyboard in Resources */ = {isa = PBXBuildFile; fileRef = 80E8AC8B25FAAFB80058F329 /* LaunchScreen.storyboard */; };
/* End PBXBuildFile section */

/* Begin PBXFileReference section */
		804EFF2A25FAC709004589DC /* CategoryVC.swift */ = {isa = PBXFileReference; lastKnownFileType = sourcecode.swift; path = CategoryVC.swift; sourceTree = "<group>"; };
		804FEC2D25FBE10C0062B095 /* TodoListTVC.swift */ = {isa = PBXFileReference; lastKnownFileType = sourcecode.swift; path = TodoListTVC.swift; sourceTree = "<group>"; };
		80E8AC7A25FAAFB70058F329 /* Lesson19.app */ = {isa = PBXFileReference; explicitFileType = wrapper.application; includeInIndex = 0; path = Lesson19.app; sourceTree = BUILT_PRODUCTS_DIR; };
		80E8AC7D25FAAFB70058F329 /* AppDelegate.swift */ = {isa = PBXFileReference; lastKnownFileType = sourcecode.swift; path = AppDelegate.swift; sourceTree = "<group>"; };
		80E8AC7F25FAAFB70058F329 /* SceneDelegate.swift */ = {isa = PBXFileReference; lastKnownFileType = sourcecode.swift; path = SceneDelegate.swift; sourceTree = "<group>"; };
		80E8AC8425FAAFB70058F329 /* Base */ = {isa = PBXFileReference; lastKnownFileType = file.storyboard; name = Base; path = Base.lproj/Main.storyboard; sourceTree = "<group>"; };
		80E8AC8725FAAFB70058F329 /* Lesson19.xcdatamodel */ = {isa = PBXFileReference; lastKnownFileType = wrapper.xcdatamodel; path = Lesson19.xcdatamodel; sourceTree = "<group>"; };
		80E8AC8925FAAFB80058F329 /* Assets.xcassets */ = {isa = PBXFileReference; lastKnownFileType = folder.assetcatalog; path = Assets.xcassets; sourceTree = "<group>"; };
		80E8AC8C25FAAFB80058F329 /* Base */ = {isa = PBXFileReference; lastKnownFileType = file.storyboard; name = Base; path = Base.lproj/LaunchScreen.storyboard; sourceTree = "<group>"; };
		80E8AC8E25FAAFB80058F329 /* Info.plist */ = {isa = PBXFileReference; lastKnownFileType = text.plist.xml; path = Info.plist; sourceTree = "<group>"; };
/* End PBXFileReference section */

/* Begin PBXFrameworksBuildPhase section */
		80E8AC7725FAAFB70058F329 /* Frameworks */ = {
			isa = PBXFrameworksBuildPhase;
			buildActionMask = 2147483647;
			files = (
			);
			runOnlyForDeploymentPostprocessing = 0;
		};
/* End PBXFrameworksBuildPhase section */

/* Begin PBXGroup section */
		804EFF2625FABBE5004589DC /* System32 */ = {
			isa = PBXGroup;
			children = (
				80E8AC7F25FAAFB70058F329 /* SceneDelegate.swift */,
				80E8AC7D25FAAFB70058F329 /* AppDelegate.swift */,
				80E8AC8925FAAFB80058F329 /* Assets.xcassets */,
				80E8AC8E25FAAFB80058F329 /* Info.plist */,
				80E8AC8B25FAAFB80058F329 /* LaunchScreen.storyboard */,
			);
			path = System32;
			sourceTree = "<group>";
		};
		804FEC5425FC9C0B0062B095 /* Model */ = {
			isa = PBXGroup;
			children = (
				80E8AC8625FAAFB70058F329 /* Lesson19.xcdatamodeld */,
			);
			path = Model;
			sourceTree = "<group>";
		};
		804FEC5525FC9C210062B095 /* View */ = {
			isa = PBXGroup;
			children = (
				80E8AC8325FAAFB70058F329 /* Main.storyboard */,
			);
			path = View;
			sourceTree = "<group>";
		};
		804FEC5625FC9C7E0062B095 /* Controller */ = {
			isa = PBXGroup;
			children = (
				804FEC2D25FBE10C0062B095 /* TodoListTVC.swift */,
				804EFF2A25FAC709004589DC /* CategoryVC.swift */,
			);
			path = Controller;
			sourceTree = "<group>";
		};
		80E8AC7125FAAFB70058F329 = {
			isa = PBXGroup;
			children = (
				80E8AC7C25FAAFB70058F329 /* Lesson19 */,
				80E8AC7B25FAAFB70058F329 /* Products */,
			);
			sourceTree = "<group>";
		};
		80E8AC7B25FAAFB70058F329 /* Products */ = {
			isa = PBXGroup;
			children = (
				80E8AC7A25FAAFB70058F329 /* Lesson19.app */,
			);
			name = Products;
			sourceTree = "<group>";
		};
		80E8AC7C25FAAFB70058F329 /* Lesson19 */ = {
			isa = PBXGroup;
			children = (
				804FEC5425FC9C0B0062B095 /* Model */,
				804FEC5525FC9C210062B095 /* View */,
				804FEC5625FC9C7E0062B095 /* Controller */,
				804EFF2625FABBE5004589DC /* System32 */,
			);
			path = Lesson19;
			sourceTree = "<group>";
		};
/* End PBXGroup section */

/* Begin PBXNativeTarget section */
		80E8AC7925FAAFB70058F329 /* Lesson19 */ = {
			isa = PBXNativeTarget;
			buildConfigurationList = 80E8AC9125FAAFB80058F329 /* Build configuration list for PBXNativeTarget "Lesson19" */;
			buildPhases = (
				80E8AC7625FAAFB70058F329 /* Sources */,
				80E8AC7725FAAFB70058F329 /* Frameworks */,
				80E8AC7825FAAFB70058F329 /* Resources */,
			);
			buildRules = (
			);
			dependencies = (
			);
			name = Lesson19;
			productName = Lesson19;
			productReference = 80E8AC7A25FAAFB70058F329 /* Lesson19.app */;
			productType = "com.apple.product-type.application";
		};
/* End PBXNativeTarget section */

/* Begin PBXProject section */
		80E8AC7225FAAFB70058F329 /* Project object */ = {
			isa = PBXProject;
			attributes = {
				LastSwiftUpdateCheck = 1240;
				LastUpgradeCheck = 1240;
				TargetAttributes = {
					80E8AC7925FAAFB70058F329 = {
						CreatedOnToolsVersion = 12.4;
					};
				};
			};
			buildConfigurationList = 80E8AC7525FAAFB70058F329 /* Build configuration list for PBXProject "Lesson19" */;
			compatibilityVersion = "Xcode 9.3";
			developmentRegion = en;
			hasScannedForEncodings = 0;
			knownRegions = (
				en,
				Base,
			);
			mainGroup = 80E8AC7125FAAFB70058F329;
			productRefGroup = 80E8AC7B25FAAFB70058F329 /* Products */;
			projectDirPath = "";
			projectRoot = "";
			targets = (
				80E8AC7925FAAFB70058F329 /* Lesson19 */,
			);
		};
/* End PBXProject section */

/* Begin PBXResourcesBuildPhase section */
		80E8AC7825FAAFB70058F329 /* Resources */ = {
			isa = PBXResourcesBuildPhase;
			buildActionMask = 2147483647;
			files = (
				80E8AC8D25FAAFB80058F329 /* LaunchScreen.storyboard in Resources */,
				80E8AC8A25FAAFB80058F329 /* Assets.xcassets in Resources */,
				80E8AC8525FAAFB70058F329 /* Main.storyboard in Resources */,
			);
			runOnlyForDeploymentPostprocessing = 0;
		};
/* End PBXResourcesBuildPhase section */

/* Begin PBXSourcesBuildPhase section */
		80E8AC7625FAAFB70058F329 /* Sources */ = {
			isa = PBXSourcesBuildPhase;
			buildActionMask = 2147483647;
			files = (
				80E8AC7E25FAAFB70058F329 /* AppDelegate.swift in Sources */,
				80E8AC8025FAAFB70058F329 /* SceneDelegate.swift in Sources */,
				804FEC2E25FBE10C0062B095 /* TodoListTVC.swift in Sources */,
				80E8AC8825FAAFB70058F329 /* Lesson19.xcdatamodeld in Sources */,
				804EFF2B25FAC709004589DC /* CategoryVC.swift in Sources */,
			);
			runOnlyForDeploymentPostprocessing = 0;
		};
/* End PBXSourcesBuildPhase section */

/* Begin PBXVariantGroup section */
		80E8AC8325FAAFB70058F329 /* Main.storyboard */ = {
			isa = PBXVariantGroup;
			children = (
				80E8AC8425FAAFB70058F329 /* Base */,
			);
			name = Main.storyboard;
			sourceTree = "<group>";
		};
		80E8AC8B25FAAFB80058F329 /* LaunchScreen.storyboard */ = {
			isa = PBXVariantGroup;
			children = (
				80E8AC8C25FAAFB80058F329 /* Base */,
			);
			name = LaunchScreen.storyboard;
			sourceTree = "<group>";
		};
/* End PBXVariantGroup section */

/* Begin XCBuildConfiguration section */
		80E8AC8F25FAAFB80058F329 /* Debug */ = {
			isa = XCBuildConfiguration;
			buildSettings = {
				ALWAYS_SEARCH_USER_PATHS = NO;
				CLANG_ANALYZER_NONNULL = YES;
				CLANG_ANALYZER_NUMBER_OBJECT_CONVERSION = YES_AGGRESSIVE;
				CLANG_CXX_LANGUAGE_STANDARD = "gnu++14";
				CLANG_CXX_LIBRARY = "libc++";
				CLANG_ENABLE_MODULES = YES;
				CLANG_ENABLE_OBJC_ARC = YES;
				CLANG_ENABLE_OBJC_WEAK = YES;
				CLANG_WARN_BLOCK_CAPTURE_AUTORELEASING = YES;
				CLANG_WARN_BOOL_CONVERSION = YES;
				CLANG_WARN_COMMA = YES;
				CLANG_WARN_CONSTANT_CONVERSION = YES;
				CLANG_WARN_DEPRECATED_OBJC_IMPLEMENTATIONS = YES;
				CLANG_WARN_DIRECT_OBJC_ISA_USAGE = YES_ERROR;
				CLANG_WARN_DOCUMENTATION_COMMENTS = YES;
				CLANG_WARN_EMPTY_BODY = YES;
				CLANG_WARN_ENUM_CONVERSION = YES;
				CLANG_WARN_INFINITE_RECURSION = YES;
				CLANG_WARN_INT_CONVERSION = YES;
				CLANG_WARN_NON_LITERAL_NULL_CONVERSION = YES;
				CLANG_WARN_OBJC_IMPLICIT_RETAIN_SELF = YES;
				CLANG_WARN_OBJC_LITERAL_CONVERSION = YES;
				CLANG_WARN_OBJC_ROOT_CLASS = YES_ERROR;
				CLANG_WARN_QUOTED_INCLUDE_IN_FRAMEWORK_HEADER = YES;
				CLANG_WARN_RANGE_LOOP_ANALYSIS = YES;
				CLANG_WARN_STRICT_PROTOTYPES = YES;
				CLANG_WARN_SUSPICIOUS_MOVE = YES;
				CLANG_WARN_UNGUARDED_AVAILABILITY = YES_AGGRESSIVE;
				CLANG_WARN_UNREACHABLE_CODE = YES;
				CLANG_WARN__DUPLICATE_METHOD_MATCH = YES;
				COPY_PHASE_STRIP = NO;
				DEBUG_INFORMATION_FORMAT = dwarf;
				ENABLE_STRICT_OBJC_MSGSEND = YES;
				ENABLE_TESTABILITY = YES;
				GCC_C_LANGUAGE_STANDARD = gnu11;
				GCC_DYNAMIC_NO_PIC = NO;
				GCC_NO_COMMON_BLOCKS = YES;
				GCC_OPTIMIZATION_LEVEL = 0;
				GCC_PREPROCESSOR_DEFINITIONS = (
					"DEBUG=1",
					"$(inherited)",
				);
				GCC_WARN_64_TO_32_BIT_CONVERSION = YES;
				GCC_WARN_ABOUT_RETURN_TYPE = YES_ERROR;
				GCC_WARN_UNDECLARED_SELECTOR = YES;
				GCC_WARN_UNINITIALIZED_AUTOS = YES_AGGRESSIVE;
				GCC_WARN_UNUSED_FUNCTION = YES;
				GCC_WARN_UNUSED_VARIABLE = YES;
				IPHONEOS_DEPLOYMENT_TARGET = 14.4;
				MTL_ENABLE_DEBUG_INFO = INCLUDE_SOURCE;
				MTL_FAST_MATH = YES;
				ONLY_ACTIVE_ARCH = YES;
				SDKROOT = iphoneos;
				SWIFT_ACTIVE_COMPILATION_CONDITIONS = DEBUG;
				SWIFT_OPTIMIZATION_LEVEL = "-Onone";
			};
			name = Debug;
		};
		80E8AC9025FAAFB80058F329 /* Release */ = {
			isa = XCBuildConfiguration;
			buildSettings = {
				ALWAYS_SEARCH_USER_PATHS = NO;
				CLANG_ANALYZER_NONNULL = YES;
				CLANG_ANALYZER_NUMBER_OBJECT_CONVERSION = YES_AGGRESSIVE;
				CLANG_CXX_LANGUAGE_STANDARD = "gnu++14";
				CLANG_CXX_LIBRARY = "libc++";
				CLANG_ENABLE_MODULES = YES;
				CLANG_ENABLE_OBJC_ARC = YES;
				CLANG_ENABLE_OBJC_WEAK = YES;
				CLANG_WARN_BLOCK_CAPTURE_AUTORELEASING = YES;
				CLANG_WARN_BOOL_CONVERSION = YES;
				CLANG_WARN_COMMA = YES;
				CLANG_WARN_CONSTANT_CONVERSION = YES;
				CLANG_WARN_DEPRECATED_OBJC_IMPLEMENTATIONS = YES;
				CLANG_WARN_DIRECT_OBJC_ISA_USAGE = YES_ERROR;
				CLANG_WARN_DOCUMENTATION_COMMENTS = YES;
				CLANG_WARN_EMPTY_BODY = YES;
				CLANG_WARN_ENUM_CONVERSION = YES;
				CLANG_WARN_INFINITE_RECURSION = YES;
				CLANG_WARN_INT_CONVERSION = YES;
				CLANG_WARN_NON_LITERAL_NULL_CONVERSION = YES;
				CLANG_WARN_OBJC_IMPLICIT_RETAIN_SELF = YES;
				CLANG_WARN_OBJC_LITERAL_CONVERSION = YES;
				CLANG_WARN_OBJC_ROOT_CLASS = YES_ERROR;
				CLANG_WARN_QUOTED_INCLUDE_IN_FRAMEWORK_HEADER = YES;
				CLANG_WARN_RANGE_LOOP_ANALYSIS = YES;
				CLANG_WARN_STRICT_PROTOTYPES = YES;
				CLANG_WARN_SUSPICIOUS_MOVE = YES;
				CLANG_WARN_UNGUARDED_AVAILABILITY = YES_AGGRESSIVE;
				CLANG_WARN_UNREACHABLE_CODE = YES;
				CLANG_WARN__DUPLICATE_METHOD_MATCH = YES;
				COPY_PHASE_STRIP = NO;
				DEBUG_INFORMATION_FORMAT = "dwarf-with-dsym";
				ENABLE_NS_ASSERTIONS = NO;
				ENABLE_STRICT_OBJC_MSGSEND = YES;
				GCC_C_LANGUAGE_STANDARD = gnu11;
				GCC_NO_COMMON_BLOCKS = YES;
				GCC_WARN_64_TO_32_BIT_CONVERSION = YES;
				GCC_WARN_ABOUT_RETURN_TYPE = YES_ERROR;
				GCC_WARN_UNDECLARED_SELECTOR = YES;
				GCC_WARN_UNINITIALIZED_AUTOS = YES_AGGRESSIVE;
				GCC_WARN_UNUSED_FUNCTION = YES;
				GCC_WARN_UNUSED_VARIABLE = YES;
				IPHONEOS_DEPLOYMENT_TARGET = 14.4;
				MTL_ENABLE_DEBUG_INFO = NO;
				MTL_FAST_MATH = YES;
				SDKROOT = iphoneos;
				SWIFT_COMPILATION_MODE = wholemodule;
				SWIFT_OPTIMIZATION_LEVEL = "-O";
				VALIDATE_PRODUCT = YES;
			};
			name = Release;
		};
		80E8AC9225FAAFB80058F329 /* Debug */ = {
			isa = XCBuildConfiguration;
			buildSettings = {
				ASSETCATALOG_COMPILER_APPICON_NAME = AppIcon;
				ASSETCATALOG_COMPILER_GLOBAL_ACCENT_COLOR_NAME = AccentColor;
				CODE_SIGN_STYLE = Automatic;
				DEVELOPMENT_TEAM = 879U287R5Q;
				INFOPLIST_FILE = "$(SRCROOT)/Lesson19/System32/Info.plist";
				LD_RUNPATH_SEARCH_PATHS = (
					"$(inherited)",
					"@executable_path/Frameworks",
				);
				PRODUCT_BUNDLE_IDENTIFIER = ihValery.Lesson19;
				PRODUCT_NAME = "$(TARGET_NAME)";
				SWIFT_VERSION = 5.0;
				TARGETED_DEVICE_FAMILY = 1;
			};
			name = Debug;
		};
		80E8AC9325FAAFB80058F329 /* Release */ = {
			isa = XCBuildConfiguration;
			buildSettings = {
				ASSETCATALOG_COMPILER_APPICON_NAME = AppIcon;
				ASSETCATALOG_COMPILER_GLOBAL_ACCENT_COLOR_NAME = AccentColor;
				CODE_SIGN_STYLE = Automatic;
				DEVELOPMENT_TEAM = 879U287R5Q;
				INFOPLIST_FILE = "$(SRCROOT)/Lesson19/System32/Info.plist";
				LD_RUNPATH_SEARCH_PATHS = (
					"$(inherited)",
					"@executable_path/Frameworks",
				);
				PRODUCT_BUNDLE_IDENTIFIER = ihValery.Lesson19;
				PRODUCT_NAME = "$(TARGET_NAME)";
				SWIFT_VERSION = 5.0;
				TARGETED_DEVICE_FAMILY = 1;
			};
			name = Release;
		};
/* End XCBuildConfiguration section */

/* Begin XCConfigurationList section */
		80E8AC7525FAAFB70058F329 /* Build configuration list for PBXProject "Lesson19" */ = {
			isa = XCConfigurationList;
			buildConfigurations = (
				80E8AC8F25FAAFB80058F329 /* Debug */,
				80E8AC9025FAAFB80058F329 /* Release */,
			);
			defaultConfigurationIsVisible = 0;
			defaultConfigurationName = Release;
		};
		80E8AC9125FAAFB80058F329 /* Build configuration list for PBXNativeTarget "Lesson19" */ = {
			isa = XCConfigurationList;
			buildConfigurations = (
				80E8AC9225FAAFB80058F329 /* Debug */,
				80E8AC9325FAAFB80058F329 /* Release */,
			);
			defaultConfigurationIsVisible = 0;
			defaultConfigurationName = Release;
		};
/* End XCConfigurationList section */

/* Begin XCVersionGroup section */
		80E8AC8625FAAFB70058F329 /* Lesson19.xcdatamodeld */ = {
			isa = XCVersionGroup;
			children = (
				80E8AC8725FAAFB70058F329 /* Lesson19.xcdatamodel */,
			);
			currentVersion = 80E8AC8725FAAFB70058F329 /* Lesson19.xcdatamodel */;
			path = Lesson19.xcdatamodeld;
			sourceTree = "<group>";
			versionGroupType = wrapper.xcdatamodel;
		};
/* End XCVersionGroup section */
	};
	rootObject = 80E8AC7225FAAFB70058F329 /* Project object */;
}
